
Microsoft Visual Studio Solution File, Format Version 11.00
# Visual Studio 2010
Project("{FAE04EC0-301F-11D3-BF4B-00C04F79EFBC}") = "xenoquest", "Assembly-CSharp-firstpass.csproj", "{5D8961E5-A031-0CEF-2AD8-89434B260644}"
EndProject
Project("{FAE04EC0-301F-11D3-BF4B-00C04F79EFBC}") = "xenoquest", "Assembly-CSharp.csproj", "{DA1E69C7-586D-2173-24A3-42FF6FED1CBB}"
EndProject
Project("{FAE04EC0-301F-11D3-BF4B-00C04F79EFBC}") = "xenoquest", "Assembly-CSharp-Editor-firstpass.csproj", "{3D8EB1B3-A6EE-217F-7911-F84C4C2F0DCD}"
EndProject
Project("{FAE04EC0-301F-11D3-BF4B-00C04F79EFBC}") = "xenoquest", "Assembly-CSharp-Editor.csproj", "{FC32C469-DD7D-0099-FE81-C5AB8AE7B898}"
EndProject
Global
	GlobalSection(SolutionConfigurationPlatforms) = preSolution
		Debug|Any CPU = Debug|Any CPU
		Release|Any CPU = Release|Any CPU
	EndGlobalSection
	GlobalSection(ProjectConfigurationPlatforms) = postSolution
		{5D8961E5-A031-0CEF-2AD8-89434B260644}.Debug|Any CPU.ActiveCfg = Debug|Any CPU
		{5D8961E5-A031-0CEF-2AD8-89434B260644}.Debug|Any CPU.Build.0 = Debug|Any CPU
		{5D8961E5-A031-0CEF-2AD8-89434B260644}.Release|Any CPU.ActiveCfg = Release|Any CPU
		{5D8961E5-A031-0CEF-2AD8-89434B260644}.Release|Any CPU.Build.0 = Release|Any CPU
		{DA1E69C7-586D-2173-24A3-42FF6FED1CBB}.Debug|Any CPU.ActiveCfg = Debug|Any CPU
		{DA1E69C7-586D-2173-24A3-42FF6FED1CBB}.Debug|Any CPU.Build.0 = Debug|Any CPU
		{DA1E69C7-586D-2173-24A3-42FF6FED1CBB}.Release|Any CPU.ActiveCfg = Release|Any CPU
		{DA1E69C7-586D-2173-24A3-42FF6FED1CBB}.Release|Any CPU.Build.0 = Release|Any CPU
		{3D8EB1B3-A6EE-217F-7911-F84C4C2F0DCD}.Debug|Any CPU.ActiveCfg = Debug|Any CPU
		{3D8EB1B3-A6EE-217F-7911-F84C4C2F0DCD}.Debug|Any CPU.Build.0 = Debug|Any CPU
		{3D8EB1B3-A6EE-217F-7911-F84C4C2F0DCD}.Release|Any CPU.ActiveCfg = Release|Any CPU
		{3D8EB1B3-A6EE-217F-7911-F84C4C2F0DCD}.Release|Any CPU.Build.0 = Release|Any CPU
		{FC32C469-DD7D-0099-FE81-C5AB8AE7B898}.Debug|Any CPU.ActiveCfg = Debug|Any CPU
		{FC32C469-DD7D-0099-FE81-C5AB8AE7B898}.Debug|Any CPU.Build.0 = Debug|Any CPU
		{FC32C469-DD7D-0099-FE81-C5AB8AE7B898}.Release|Any CPU.ActiveCfg = Release|Any CPU
		{FC32C469-DD7D-0099-FE81-C5AB8AE7B898}.Release|Any CPU.Build.0 = Release|Any CPU
	EndGlobalSection
	GlobalSection(SolutionProperties) = preSolution
		HideSolutionNode = FALSE
	EndGlobalSection
	GlobalSection(MonoDevelopProperties) = preSolution
		StartupItem = Assembly-CSharp.csproj
	EndGlobalSection
EndGlobal
